
Microsoft Visual Studio Solution File, Format Version 12.00
# Visual Studio 15
VisualStudioVersion = 15.0.27004.2002
MinimumVisualStudioVersion = 10.0.40219.1
Project("{FAE04EC0-301F-11D3-BF4B-00C04F79EFBC}") = "GBot", "GBot.csproj", "{8CF9EA8D-E795-4F4D-BE72-19A1C8F71D96}"
EndProject
Project("{FAE04EC0-301F-11D3-BF4B-00C04F79EFBC}") = "AzureDatabase", "AzureDatabase\AzureDatabase.csproj", "{9B860131-349A-4736-BFD6-48333F0E4181}"
EndProject
Project("{FAE04EC0-301F-11D3-BF4B-00C04F79EFBC}") = "Tools", "Tools\Tools.csproj", "{F3D8E351-2778-45B5-9CE7-1586904D5FCC}"
EndProject
Global
	GlobalSection(SolutionConfigurationPlatforms) = preSolution
		Debug|Any CPU = Debug|Any CPU
		Release|Any CPU = Release|Any CPU
	EndGlobalSection
	GlobalSection(ProjectConfigurationPlatforms) = postSolution
		{8CF9EA8D-E795-4F4D-BE72-19A1C8F71D96}.Debug|Any CPU.ActiveCfg = Debug|Any CPU
		{8CF9EA8D-E795-4F4D-BE72-19A1C8F71D96}.Debug|Any CPU.Build.0 = Debug|Any CPU
		{8CF9EA8D-E795-4F4D-BE72-19A1C8F71D96}.Release|Any CPU.ActiveCfg = Release|Any CPU
		{8CF9EA8D-E795-4F4D-BE72-19A1C8F71D96}.Release|Any CPU.Build.0 = Release|Any CPU
		{9B860131-349A-4736-BFD6-48333F0E4181}.Debug|Any CPU.ActiveCfg = Debug|Any CPU
		{9B860131-349A-4736-BFD6-48333F0E4181}.Debug|Any CPU.Build.0 = Debug|Any CPU
		{9B860131-349A-4736-BFD6-48333F0E4181}.Release|Any CPU.ActiveCfg = Release|Any CPU
		{9B860131-349A-4736-BFD6-48333F0E4181}.Release|Any CPU.Build.0 = Release|Any CPU
		{F3D8E351-2778-45B5-9CE7-1586904D5FCC}.Debug|Any CPU.ActiveCfg = Debug|Any CPU
		{F3D8E351-2778-45B5-9CE7-1586904D5FCC}.Debug|Any CPU.Build.0 = Debug|Any CPU
		{F3D8E351-2778-45B5-9CE7-1586904D5FCC}.Release|Any CPU.ActiveCfg = Release|Any CPU
		{F3D8E351-2778-45B5-9CE7-1586904D5FCC}.Release|Any CPU.Build.0 = Release|Any CPU
	EndGlobalSection
	GlobalSection(SolutionProperties) = preSolution
		HideSolutionNode = FALSE
	EndGlobalSection
	GlobalSection(ExtensibilityGlobals) = postSolution
		SolutionGuid = {836C31F9-35D4-43A6-BE37-73ECFF3BC1DE}
	EndGlobalSection
EndGlobal
